// !$*UTF8*$!
{
	archiveVersion = 1;
	classes = {
	};
	objectVersion = 46;
	objects = {

/* Begin PBXBuildFile section */
		28189E131E161DF200A9CE02 /* AppDelegate.swift in Sources */ = {isa = PBXBuildFile; fileRef = 28189E121E161DF200A9CE02 /* AppDelegate.swift */; };
		28189E151E161DF200A9CE02 /* ViewController.swift in Sources */ = {isa = PBXBuildFile; fileRef = 28189E141E161DF200A9CE02 /* ViewController.swift */; };
		28189E181E161DF200A9CE02 /* Main.storyboard in Resources */ = {isa = PBXBuildFile; fileRef = 28189E161E161DF200A9CE02 /* Main.storyboard */; };
		28189E1A1E161DF200A9CE02 /* Assets.xcassets in Resources */ = {isa = PBXBuildFile; fileRef = 28189E191E161DF200A9CE02 /* Assets.xcassets */; };
		28189E1D1E161DF200A9CE02 /* LaunchScreen.storyboard in Resources */ = {isa = PBXBuildFile; fileRef = 28189E1B1E161DF200A9CE02 /* LaunchScreen.storyboard */; };
		28189E251E161E7C00A9CE02 /* Constants.swift in Sources */ = {isa = PBXBuildFile; fileRef = 28189E241E161E7C00A9CE02 /* Constants.swift */; };
		28189E271E161E8200A9CE02 /* GCDBlackBox.swift in Sources */ = {isa = PBXBuildFile; fileRef = 28189E261E161E8200A9CE02 /* GCDBlackBox.swift */; };
/* End PBXBuildFile section */

/* Begin PBXFileReference section */
		28189E0F1E161DF200A9CE02 /* Image Finder.app */ = {isa = PBXFileReference; explicitFileType = wrapper.application; includeInIndex = 0; path = "Image Finder.app"; sourceTree = BUILT_PRODUCTS_DIR; };
		28189E121E161DF200A9CE02 /* AppDelegate.swift */ = {isa = PBXFileReference; lastKnownFileType = sourcecode.swift; path = AppDelegate.swift; sourceTree = "<group>"; };
		28189E141E161DF200A9CE02 /* ViewController.swift */ = {isa = PBXFileReference; lastKnownFileType = sourcecode.swift; path = ViewController.swift; sourceTree = "<group>"; };
		28189E171E161DF200A9CE02 /* Base */ = {isa = PBXFileReference; lastKnownFileType = file.storyboard; name = Base; path = Base.lproj/Main.storyboard; sourceTree = "<group>"; };
		28189E191E161DF200A9CE02 /* Assets.xcassets */ = {isa = PBXFileReference; lastKnownFileType = folder.assetcatalog; path = Assets.xcassets; sourceTree = "<group>"; };
		28189E1C1E161DF200A9CE02 /* Base */ = {isa = PBXFileReference; lastKnownFileType = file.storyboard; name = Base; path = Base.lproj/LaunchScreen.storyboard; sourceTree = "<group>"; };
		28189E1E1E161DF200A9CE02 /* Info.plist */ = {isa = PBXFileReference; lastKnownFileType = text.plist.xml; path = Info.plist; sourceTree = "<group>"; };
		28189E241E161E7C00A9CE02 /* Constants.swift */ = {isa = PBXFileReference; fileEncoding = 4; lastKnownFileType = sourcecode.swift; name = Constants.swift; path = ../../../FlickFinder/FlickFinder/Constants.swift; sourceTree = "<group>"; };
		28189E261E161E8200A9CE02 /* GCDBlackBox.swift */ = {isa = PBXFileReference; fileEncoding = 4; lastKnownFileType = sourcecode.swift; name = GCDBlackBox.swift; path = ../../../FlickFinder/FlickFinder/GCDBlackBox.swift; sourceTree = "<group>"; };
/* End PBXFileReference section */

/* Begin PBXFrameworksBuildPhase section */
		28189E0C1E161DF200A9CE02 /* Frameworks */ = {
			isa = PBXFrameworksBuildPhase;
			buildActionMask = 2147483647;
			files = (
			);
			runOnlyForDeploymentPostprocessing = 0;
		};
/* End PBXFrameworksBuildPhase section */

/* Begin PBXGroup section */
		28189E061E161DF200A9CE02 = {
			isa = PBXGroup;
			children = (
				28189E111E161DF200A9CE02 /* Image Finder */,
				28189E101E161DF200A9CE02 /* Products */,
			);
			sourceTree = "<group>";
		};
		28189E101E161DF200A9CE02 /* Products */ = {
			isa = PBXGroup;
			children = (
				28189E0F1E161DF200A9CE02 /* Image Finder.app */,
			);
			name = Products;
			sourceTree = "<group>";
		};
		28189E111E161DF200A9CE02 /* Image Finder */ = {
			isa = PBXGroup;
			children = (
				28189E121E161DF200A9CE02 /* AppDelegate.swift */,
				28189E141E161DF200A9CE02 /* ViewController.swift */,
				28189E241E161E7C00A9CE02 /* Constants.swift */,
				28189E261E161E8200A9CE02 /* GCDBlackBox.swift */,
				28189E161E161DF200A9CE02 /* Main.storyboard */,
				28189E191E161DF200A9CE02 /* Assets.xcassets */,
				28189E1B1E161DF200A9CE02 /* LaunchScreen.storyboard */,
				28189E1E1E161DF200A9CE02 /* Info.plist */,
			);
			path = "Image Finder";
			sourceTree = "<group>";
		};
/* End PBXGroup section */

/* Begin PBXNativeTarget section */
		28189E0E1E161DF200A9CE02 /* Image Finder */ = {
			isa = PBXNativeTarget;
			buildConfigurationList = 28189E211E161DF200A9CE02 /* Build configuration list for PBXNativeTarget "Image Finder" */;
			buildPhases = (
				28189E0B1E161DF200A9CE02 /* Sources */,
				28189E0C1E161DF200A9CE02 /* Frameworks */,
				28189E0D1E161DF200A9CE02 /* Resources */,
			);
			buildRules = (
			);
			dependencies = (
			);
			name = "Image Finder";
			productName = "Image Finder";
			productReference = 28189E0F1E161DF200A9CE02 /* Image Finder.app */;
			productType = "com.apple.product-type.application";
		};
/* End PBXNativeTarget section */

/* Begin PBXProject section */
		28189E071E161DF200A9CE02 /* Project object */ = {
			isa = PBXProject;
			attributes = {
				LastSwiftUpdateCheck = 0820;
				LastUpgradeCheck = 0820;
				ORGANIZATIONNAME = "Steven Hurtado";
				TargetAttributes = {
					28189E0E1E161DF200A9CE02 = {
						CreatedOnToolsVersion = 8.2.1;
						DevelopmentTeam = E55B666VZ8;
						ProvisioningStyle = Automatic;
					};
				};
			};
			buildConfigurationList = 28189E0A1E161DF200A9CE02 /* Build configuration list for PBXProject "Image Finder" */;
			compatibilityVersion = "Xcode 3.2";
			developmentRegion = English;
			hasScannedForEncodings = 0;
			knownRegions = (
				en,
				Base,
			);
			mainGroup = 28189E061E161DF200A9CE02;
			productRefGroup = 28189E101E161DF200A9CE02 /* Products */;
			projectDirPath = "";
			projectRoot = "";
			targets = (
				28189E0E1E161DF200A9CE02 /* Image Finder */,
			);
		};
/* End PBXProject section */

/* Begin PBXResourcesBuildPhase section */
		28189E0D1E161DF200A9CE02 /* Resources */ = {
			isa = PBXResourcesBuildPhase;
			buildActionMask = 2147483647;
			files = (
				28189E1D1E161DF200A9CE02 /* LaunchScreen.storyboard in Resources */,
				28189E1A1E161DF200A9CE02 /* Assets.xcassets in Resources */,
				28189E181E161DF200A9CE02 /* Main.storyboard in Resources */,
			);
			runOnlyForDeploymentPostprocessing = 0;
		};
/* End PBXResourcesBuildPhase section */

/* Begin PBXSourcesBuildPhase section */
		28189E0B1E161DF200A9CE02 /* Sources */ = {
			isa = PBXSourcesBuildPhase;
			buildActionMask = 2147483647;
			files = (
				28189E271E161E8200A9CE02 /* GCDBlackBox.swift in Sources */,
				28189E151E161DF200A9CE02 /* ViewController.swift in Sources */,
				28189E131E161DF200A9CE02 /* AppDelegate.swift in Sources */,
				28189E251E161E7C00A9CE02 /* Constants.swift in Sources */,
			);
			runOnlyForDeploymentPostprocessing = 0;
		};
/* End PBXSourcesBuildPhase section */

/* Begin PBXVariantGroup section */
		28189E161E161DF200A9CE02 /* Main.storyboard */ = {
			isa = PBXVariantGroup;
			children = (
				28189E171E161DF200A9CE02 /* Base */,
			);
			name = Main.storyboard;
			sourceTree = "<group>";
		};
		28189E1B1E161DF200A9CE02 /* LaunchScreen.storyboard */ = {
			isa = PBXVariantGroup;
			children = (
				28189E1C1E161DF200A9CE02 /* Base */,
			);
			name = LaunchScreen.storyboard;
			sourceTree = "<group>";
		};
/* End PBXVariantGroup section */

/* Begin XCBuildConfiguration section */
		28189E1F1E161DF200A9CE02 /* Debug */ = {
			isa = XCBuildConfiguration;
			buildSettings = {
				ALWAYS_SEARCH_USER_PATHS = NO;
				CLANG_ANALYZER_NONNULL = YES;
				CLANG_CXX_LANGUAGE_STANDARD = "gnu++0x";
				CLANG_CXX_LIBRARY = "libc++";
				CLANG_ENABLE_MODULES = YES;
				CLANG_ENABLE_OBJC_ARC = YES;
				CLANG_WARN_BOOL_CONVERSION = YES;
				CLANG_WARN_CONSTANT_CONVERSION = YES;
				CLANG_WARN_DIRECT_OBJC_ISA_USAGE = YES_ERROR;
				CLANG_WARN_DOCUMENTATION_COMMENTS = YES;
				CLANG_WARN_EMPTY_BODY = YES;
				CLANG_WARN_ENUM_CONVERSION = YES;
				CLANG_WARN_INFINITE_RECURSION = YES;
				CLANG_WARN_INT_CONVERSION = YES;
				CLANG_WARN_OBJC_ROOT_CLASS = YES_ERROR;
				CLANG_WARN_SUSPICIOUS_MOVE = YES;
				CLANG_WARN_UNREACHABLE_CODE = YES;
				CLANG_WARN__DUPLICATE_METHOD_MATCH = YES;
				"CODE_SIGN_IDENTITY[sdk=iphoneos*]" = "iPhone Developer";
				COPY_PHASE_STRIP = NO;
				DEBUG_INFORMATION_FORMAT = dwarf;
				ENABLE_STRICT_OBJC_MSGSEND = YES;
				ENABLE_TESTABILITY = YES;
				GCC_C_LANGUAGE_STANDARD = gnu99;
				GCC_DYNAMIC_NO_PIC = NO;
				GCC_NO_COMMON_BLOCKS = YES;
				GCC_OPTIMIZATION_LEVEL = 0;
				GCC_PREPROCESSOR_DEFINITIONS = (
					"DEBUG=1",
					"$(inherited)",
				);
				GCC_WARN_64_TO_32_BIT_CONVERSION = YES;
				GCC_WARN_ABOUT_RETURN_TYPE = YES_ERROR;
				GCC_WARN_UNDECLARED_SELECTOR = YES;
				GCC_WARN_UNINITIALIZED_AUTOS = YES_AGGRESSIVE;
				GCC_WARN_UNUSED_FUNCTION = YES;
				GCC_WARN_UNUSED_VARIABLE = YES;
				IPHONEOS_DEPLOYMENT_TARGET = 10.2;
				MTL_ENABLE_DEBUG_INFO = YES;
				ONLY_ACTIVE_ARCH = YES;
				SDKROOT = iphoneos;
				SWIFT_ACTIVE_COMPILATION_CONDITIONS = DEBUG;
				SWIFT_OPTIMIZATION_LEVEL = "-Onone";
			};
			name = Debug;
		};
		28189E201E161DF200A9CE02 /* Release */ = {
			isa = XCBuildConfiguration;
			buildSettings = {
				ALWAYS_SEARCH_USER_PATHS = NO;
				CLANG_ANALYZER_NONNULL = YES;
				CLANG_CXX_LANGUAGE_STANDARD = "gnu++0x";
				CLANG_CXX_LIBRARY = "libc++";
				CLANG_ENABLE_MODULES = YES;
				CLANG_ENABLE_OBJC_ARC = YES;
				CLANG_WARN_BOOL_CONVERSION = YES;
				CLANG_WARN_CONSTANT_CONVERSION = YES;
				CLANG_WARN_DIRECT_OBJC_ISA_USAGE = YES_ERROR;
				CLANG_WARN_DOCUMENTATION_COMMENTS = YES;
				CLANG_WARN_EMPTY_BODY = YES;
				CLANG_WARN_ENUM_CONVERSION = YES;
				CLANG_WARN_INFINITE_RECURSION = YES;
				CLANG_WARN_INT_CONVERSION = YES;
				CLANG_WARN_OBJC_ROOT_CLASS = YES_ERROR;
				CLANG_WARN_SUSPICIOUS_MOVE = YES;
				CLANG_WARN_UNREACHABLE_CODE = YES;
				CLANG_WARN__DUPLICATE_METHOD_MATCH = YES;
				"CODE_SIGN_IDENTITY[sdk=iphoneos*]" = "iPhone Developer";
				COPY_PHASE_STRIP = NO;
				DEBUG_INFORMATION_FORMAT = "dwarf-with-dsym";
				ENABLE_NS_ASSERTIONS = NO;
				ENABLE_STRICT_OBJC_MSGSEND = YES;
				GCC_C_LANGUAGE_STANDARD = gnu99;
				GCC_NO_COMMON_BLOCKS = YES;
				GCC_WARN_64_TO_32_BIT_CONVERSION = YES;
				GCC_WARN_ABOUT_RETURN_TYPE = YES_ERROR;
				GCC_WARN_UNDECLARED_SELECTOR = YES;
				GCC_WARN_UNINITIALIZED_AUTOS = YES_AGGRESSIVE;
				GCC_WARN_UNUSED_FUNCTION = YES;
				GCC_WARN_UNUSED_VARIABLE = YES;
				IPHONEOS_DEPLOYMENT_TARGET = 10.2;
				MTL_ENABLE_DEBUG_INFO = NO;
				SDKROOT = iphoneos;
				SWIFT_OPTIMIZATION_LEVEL = "-Owholemodule";
				VALIDATE_PRODUCT = YES;
			};
			name = Release;
		};
		28189E221E161DF200A9CE02 /* Debug */ = {
			isa = XCBuildConfiguration;
			buildSettings = {
				ASSETCATALOG_COMPILER_APPICON_NAME = AppIcon;
				DEVELOPMENT_TEAM = E55B666VZ8;
				INFOPLIST_FILE = "Image Finder/Info.plist";
				LD_RUNPATH_SEARCH_PATHS = "$(inherited) @executable_path/Frameworks";
				PRODUCT_BUNDLE_IDENTIFIER = "com.SHurtado91112.Image-Finder";
				PRODUCT_NAME = "$(TARGET_NAME)";
				SWIFT_VERSION = 3.0;
			};
			name = Debug;
		};
		28189E231E161DF200A9CE02 /* Release */ = {
			isa = XCBuildConfiguration;
			buildSettings = {
				ASSETCATALOG_COMPILER_APPICON_NAME = AppIcon;
				DEVELOPMENT_TEAM = E55B666VZ8;
				INFOPLIST_FILE = "Image Finder/Info.plist";
				LD_RUNPATH_SEARCH_PATHS = "$(inherited) @executable_path/Frameworks";
				PRODUCT_BUNDLE_IDENTIFIER = "com.SHurtado91112.Image-Finder";
				PRODUCT_NAME = "$(TARGET_NAME)";
				SWIFT_VERSION = 3.0;
			};
			name = Release;
		};
/* End XCBuildConfiguration section */

/* Begin XCConfigurationList section */
		28189E0A1E161DF200A9CE02 /* Build configuration list for PBXProject "Image Finder" */ = {
			isa = XCConfigurationList;
			buildConfigurations = (
				28189E1F1E161DF200A9CE02 /* Debug */,
				28189E201E161DF200A9CE02 /* Release */,
			);
			defaultConfigurationIsVisible = 0;
			defaultConfigurationName = Release;
		};
		28189E211E161DF200A9CE02 /* Build configuration list for PBXNativeTarget "Image Finder" */ = {
			isa = XCConfigurationList;
			buildConfigurations = (
				28189E221E161DF200A9CE02 /* Debug */,
				28189E231E161DF200A9CE02 /* Release */,
			);
			defaultConfigurationIsVisible = 0;
		};
/* End XCConfigurationList section */
	};
	rootObject = 28189E071E161DF200A9CE02 /* Project object */;
}
